// !$*UTF8*$!
{
	archiveVersion = 1;
	classes = {
	};
	objectVersion = 50;
	objects = {

/* Begin PBXBuildFile section */
		95A5888923D01EC100EEE059 /* AppDelegate.swift in Sources */ = {isa = PBXBuildFile; fileRef = 95A5888823D01EC100EEE059 /* AppDelegate.swift */; };
		95A5888B23D01EC100EEE059 /* SceneDelegate.swift in Sources */ = {isa = PBXBuildFile; fileRef = 95A5888A23D01EC100EEE059 /* SceneDelegate.swift */; };
		95A5888D23D01EC100EEE059 /* ViewController.swift in Sources */ = {isa = PBXBuildFile; fileRef = 95A5888C23D01EC100EEE059 /* ViewController.swift */; };
		95A5889023D01EC100EEE059 /* Main.storyboard in Resources */ = {isa = PBXBuildFile; fileRef = 95A5888E23D01EC100EEE059 /* Main.storyboard */; };
		95A5889223D01EC300EEE059 /* Assets.xcassets in Resources */ = {isa = PBXBuildFile; fileRef = 95A5889123D01EC300EEE059 /* Assets.xcassets */; };
		95A5889523D01EC300EEE059 /* LaunchScreen.storyboard in Resources */ = {isa = PBXBuildFile; fileRef = 95A5889323D01EC300EEE059 /* LaunchScreen.storyboard */; };
		95A5889D23D025BD00EEE059 /* Model.swift in Sources */ = {isa = PBXBuildFile; fileRef = 95A5889C23D025BD00EEE059 /* Model.swift */; };
/* End PBXBuildFile section */

/* Begin PBXFileReference section */
		95A5888523D01EC100EEE059 /* chuck_norris.app */ = {isa = PBXFileReference; explicitFileType = wrapper.application; includeInIndex = 0; path = chuck_norris.app; sourceTree = BUILT_PRODUCTS_DIR; };
		95A5888823D01EC100EEE059 /* AppDelegate.swift */ = {isa = PBXFileReference; lastKnownFileType = sourcecode.swift; path = AppDelegate.swift; sourceTree = "<group>"; };
		95A5888A23D01EC100EEE059 /* SceneDelegate.swift */ = {isa = PBXFileReference; lastKnownFileType = sourcecode.swift; path = SceneDelegate.swift; sourceTree = "<group>"; };
		95A5888C23D01EC100EEE059 /* ViewController.swift */ = {isa = PBXFileReference; lastKnownFileType = sourcecode.swift; path = ViewController.swift; sourceTree = "<group>"; };
		95A5888F23D01EC100EEE059 /* Base */ = {isa = PBXFileReference; lastKnownFileType = file.storyboard; name = Base; path = Base.lproj/Main.storyboard; sourceTree = "<group>"; };
		95A5889123D01EC300EEE059 /* Assets.xcassets */ = {isa = PBXFileReference; lastKnownFileType = folder.assetcatalog; path = Assets.xcassets; sourceTree = "<group>"; };
		95A5889423D01EC300EEE059 /* Base */ = {isa = PBXFileReference; lastKnownFileType = file.storyboard; name = Base; path = Base.lproj/LaunchScreen.storyboard; sourceTree = "<group>"; };
		95A5889623D01EC300EEE059 /* Info.plist */ = {isa = PBXFileReference; lastKnownFileType = text.plist.xml; path = Info.plist; sourceTree = "<group>"; };
		95A5889C23D025BD00EEE059 /* Model.swift */ = {isa = PBXFileReference; lastKnownFileType = sourcecode.swift; path = Model.swift; sourceTree = "<group>"; };
/* End PBXFileReference section */

/* Begin PBXFrameworksBuildPhase section */
		95A5888223D01EC100EEE059 /* Frameworks */ = {
			isa = PBXFrameworksBuildPhase;
			buildActionMask = 2147483647;
			files = (
			);
			runOnlyForDeploymentPostprocessing = 0;
		};
/* End PBXFrameworksBuildPhase section */

/* Begin PBXGroup section */
		95A5887C23D01EC100EEE059 = {
			isa = PBXGroup;
			children = (
				95A5888723D01EC100EEE059 /* chuck_norris */,
				95A5888623D01EC100EEE059 /* Products */,
			);
			sourceTree = "<group>";
		};
		95A5888623D01EC100EEE059 /* Products */ = {
			isa = PBXGroup;
			children = (
				95A5888523D01EC100EEE059 /* chuck_norris.app */,
			);
			name = Products;
			sourceTree = "<group>";
		};
		95A5888723D01EC100EEE059 /* chuck_norris */ = {
			isa = PBXGroup;
			children = (
				95A5889C23D025BD00EEE059 /* Model.swift */,
				95A5888823D01EC100EEE059 /* AppDelegate.swift */,
				95A5888A23D01EC100EEE059 /* SceneDelegate.swift */,
				95A5888C23D01EC100EEE059 /* ViewController.swift */,
				95A5888E23D01EC100EEE059 /* Main.storyboard */,
				95A5889123D01EC300EEE059 /* Assets.xcassets */,
				95A5889323D01EC300EEE059 /* LaunchScreen.storyboard */,
				95A5889623D01EC300EEE059 /* Info.plist */,
			);
			path = chuck_norris;
			sourceTree = "<group>";
		};
/* End PBXGroup section */

/* Begin PBXNativeTarget section */
		95A5888423D01EC100EEE059 /* chuck_norris */ = {
			isa = PBXNativeTarget;
			buildConfigurationList = 95A5889923D01EC300EEE059 /* Build configuration list for PBXNativeTarget "chuck_norris" */;
			buildPhases = (
				95A5888123D01EC100EEE059 /* Sources */,
				95A5888223D01EC100EEE059 /* Frameworks */,
				95A5888323D01EC100EEE059 /* Resources */,
			);
			buildRules = (
			);
			dependencies = (
			);
			name = chuck_norris;
			productName = chuck_norris;
			productReference = 95A5888523D01EC100EEE059 /* chuck_norris.app */;
			productType = "com.apple.product-type.application";
		};
/* End PBXNativeTarget section */

/* Begin PBXProject section */
		95A5887D23D01EC100EEE059 /* Project object */ = {
			isa = PBXProject;
			attributes = {
				LastSwiftUpdateCheck = 1120;
				LastUpgradeCheck = 1120;
				ORGANIZATIONNAME = Anna;
				TargetAttributes = {
					95A5888423D01EC100EEE059 = {
						CreatedOnToolsVersion = 11.2.1;
					};
				};
			};
			buildConfigurationList = 95A5888023D01EC100EEE059 /* Build configuration list for PBXProject "chuck_norris" */;
			compatibilityVersion = "Xcode 9.3";
			developmentRegion = en;
			hasScannedForEncodings = 0;
			knownRegions = (
				en,
				Base,
			);
			mainGroup = 95A5887C23D01EC100EEE059;
			productRefGroup = 95A5888623D01EC100EEE059 /* Products */;
			projectDirPath = "";
			projectRoot = "";
			targets = (
				95A5888423D01EC100EEE059 /* chuck_norris */,
			);
		};
/* End PBXProject section */

/* Begin PBXResourcesBuildPhase section */
		95A5888323D01EC100EEE059 /* Resources */ = {
			isa = PBXResourcesBuildPhase;
			buildActionMask = 2147483647;
			files = (
				95A5889523D01EC300EEE059 /* LaunchScreen.storyboard in Resources */,
				95A5889223D01EC300EEE059 /* Assets.xcassets in Resources */,
				95A5889023D01EC100EEE059 /* Main.storyboard in Resources */,
			);
			runOnlyForDeploymentPostprocessing = 0;
		};
/* End PBXResourcesBuildPhase section */

/* Begin PBXSourcesBuildPhase section */
		95A5888123D01EC100EEE059 /* Sources */ = {
			isa = PBXSourcesBuildPhase;
			buildActionMask = 2147483647;
			files = (
				95A5888D23D01EC100EEE059 /* ViewController.swift in Sources */,
				95A5888923D01EC100EEE059 /* AppDelegate.swift in Sources */,
				95A5888B23D01EC100EEE059 /* SceneDelegate.swift in Sources */,
				95A5889D23D025BD00EEE059 /* Model.swift in Sources */,
			);
			runOnlyForDeploymentPostprocessing = 0;
		};
/* End PBXSourcesBuildPhase section */

/* Begin PBXVariantGroup section */
		95A5888E23D01EC100EEE059 /* Main.storyboard */ = {
			isa = PBXVariantGroup;
			children = (
				95A5888F23D01EC100EEE059 /* Base */,
			);
			name = Main.storyboard;
			sourceTree = "<group>";
		};
		95A5889323D01EC300EEE059 /* LaunchScreen.storyboard */ = {
			isa = PBXVariantGroup;
			children = (
				95A5889423D01EC300EEE059 /* Base */,
			);
			name = LaunchScreen.storyboard;
			sourceTree = "<group>";
		};
/* End PBXVariantGroup section */

/* Begin XCBuildConfiguration section */
		95A5889723D01EC300EEE059 /* Debug */ = {
			isa = XCBuildConfiguration;
			buildSettings = {
				ALWAYS_SEARCH_USER_PATHS = NO;
				CLANG_ANALYZER_NONNULL = YES;
				CLANG_ANALYZER_NUMBER_OBJECT_CONVERSION = YES_AGGRESSIVE;
				CLANG_CXX_LANGUAGE_STANDARD = "gnu++14";
				CLANG_CXX_LIBRARY = "libc++";
				CLANG_ENABLE_MODULES = YES;
				CLANG_ENABLE_OBJC_ARC = YES;
				CLANG_ENABLE_OBJC_WEAK = YES;
				CLANG_WARN_BLOCK_CAPTURE_AUTORELEASING = YES;
				CLANG_WARN_BOOL_CONVERSION = YES;
				CLANG_WARN_COMMA = YES;
				CLANG_WARN_CONSTANT_CONVERSION = YES;
				CLANG_WARN_DEPRECATED_OBJC_IMPLEMENTATIONS = YES;
				CLANG_WARN_DIRECT_OBJC_ISA_USAGE = YES_ERROR;
				CLANG_WARN_DOCUMENTATION_COMMENTS = YES;
				CLANG_WARN_EMPTY_BODY = YES;
				CLANG_WARN_ENUM_CONVERSION = YES;
				CLANG_WARN_INFINITE_RECURSION = YES;
				CLANG_WARN_INT_CONVERSION = YES;
				CLANG_WARN_NON_LITERAL_NULL_CONVERSION = YES;
				CLANG_WARN_OBJC_IMPLICIT_RETAIN_SELF = YES;
				CLANG_WARN_OBJC_LITERAL_CONVERSION = YES;
				CLANG_WARN_OBJC_ROOT_CLASS = YES_ERROR;
				CLANG_WARN_RANGE_LOOP_ANALYSIS = YES;
				CLANG_WARN_STRICT_PROTOTYPES = YES;
				CLANG_WARN_SUSPICIOUS_MOVE = YES;
				CLANG_WARN_UNGUARDED_AVAILABILITY = YES_AGGRESSIVE;
				CLANG_WARN_UNREACHABLE_CODE = YES;
				CLANG_WARN__DUPLICATE_METHOD_MATCH = YES;
				COPY_PHASE_STRIP = NO;
				DEBUG_INFORMATION_FORMAT = dwarf;
				ENABLE_STRICT_OBJC_MSGSEND = YES;
				ENABLE_TESTABILITY = YES;
				GCC_C_LANGUAGE_STANDARD = gnu11;
				GCC_DYNAMIC_NO_PIC = NO;
				GCC_NO_COMMON_BLOCKS = YES;
				GCC_OPTIMIZATION_LEVEL = 0;
				GCC_PREPROCESSOR_DEFINITIONS = (
					"DEBUG=1",
					"$(inherited)",
				);
				GCC_WARN_64_TO_32_BIT_CONVERSION = YES;
				GCC_WARN_ABOUT_RETURN_TYPE = YES_ERROR;
				GCC_WARN_UNDECLARED_SELECTOR = YES;
				GCC_WARN_UNINITIALIZED_AUTOS = YES_AGGRESSIVE;
				GCC_WARN_UNUSED_FUNCTION = YES;
				GCC_WARN_UNUSED_VARIABLE = YES;
				IPHONEOS_DEPLOYMENT_TARGET = 13.2;
				MTL_ENABLE_DEBUG_INFO = INCLUDE_SOURCE;
				MTL_FAST_MATH = YES;
				ONLY_ACTIVE_ARCH = YES;
				SDKROOT = iphoneos;
				SWIFT_ACTIVE_COMPILATION_CONDITIONS = DEBUG;
				SWIFT_OPTIMIZATION_LEVEL = "-Onone";
			};
			name = Debug;
		};
		95A5889823D01EC300EEE059 /* Release */ = {
			isa = XCBuildConfiguration;
			buildSettings = {
				ALWAYS_SEARCH_USER_PATHS = NO;
				CLANG_ANALYZER_NONNULL = YES;
				CLANG_ANALYZER_NUMBER_OBJECT_CONVERSION = YES_AGGRESSIVE;
				CLANG_CXX_LANGUAGE_STANDARD = "gnu++14";
				CLANG_CXX_LIBRARY = "libc++";
				CLANG_ENABLE_MODULES = YES;
				CLANG_ENABLE_OBJC_ARC = YES;
				CLANG_ENABLE_OBJC_WEAK = YES;
				CLANG_WARN_BLOCK_CAPTURE_AUTORELEASING = YES;
				CLANG_WARN_BOOL_CONVERSION = YES;
				CLANG_WARN_COMMA = YES;
				CLANG_WARN_CONSTANT_CONVERSION = YES;
				CLANG_WARN_DEPRECATED_OBJC_IMPLEMENTATIONS = YES;
				CLANG_WARN_DIRECT_OBJC_ISA_USAGE = YES_ERROR;
				CLANG_WARN_DOCUMENTATION_COMMENTS = YES;
				CLANG_WARN_EMPTY_BODY = YES;
				CLANG_WARN_ENUM_CONVERSION = YES;
				CLANG_WARN_INFINITE_RECURSION = YES;
				CLANG_WARN_INT_CONVERSION = YES;
				CLANG_WARN_NON_LITERAL_NULL_CONVERSION = YES;
				CLANG_WARN_OBJC_IMPLICIT_RETAIN_SELF = YES;
				CLANG_WARN_OBJC_LITERAL_CONVERSION = YES;
				CLANG_WARN_OBJC_ROOT_CLASS = YES_ERROR;
				CLANG_WARN_RANGE_LOOP_ANALYSIS = YES;
				CLANG_WARN_STRICT_PROTOTYPES = YES;
				CLANG_WARN_SUSPICIOUS_MOVE = YES;
				CLANG_WARN_UNGUARDED_AVAILABILITY = YES_AGGRESSIVE;
				CLANG_WARN_UNREACHABLE_CODE = YES;
				CLANG_WARN__DUPLICATE_METHOD_MATCH = YES;
				COPY_PHASE_STRIP = NO;
				DEBUG_INFORMATION_FORMAT = "dwarf-with-dsym";
				ENABLE_NS_ASSERTIONS = NO;
				ENABLE_STRICT_OBJC_MSGSEND = YES;
				GCC_C_LANGUAGE_STANDARD = gnu11;
				GCC_NO_COMMON_BLOCKS = YES;
				GCC_WARN_64_TO_32_BIT_CONVERSION = YES;
				GCC_WARN_ABOUT_RETURN_TYPE = YES_ERROR;
				GCC_WARN_UNDECLARED_SELECTOR = YES;
				GCC_WARN_UNINITIALIZED_AUTOS = YES_AGGRESSIVE;
				GCC_WARN_UNUSED_FUNCTION = YES;
				GCC_WARN_UNUSED_VARIABLE = YES;
				IPHONEOS_DEPLOYMENT_TARGET = 13.2;
				MTL_ENABLE_DEBUG_INFO = NO;
				MTL_FAST_MATH = YES;
				SDKROOT = iphoneos;
				SWIFT_COMPILATION_MODE = wholemodule;
				SWIFT_OPTIMIZATION_LEVEL = "-O";
				VALIDATE_PRODUCT = YES;
			};
			name = Release;
		};
		95A5889A23D01EC300EEE059 /* Debug */ = {
			isa = XCBuildConfiguration;
			buildSettings = {
				ASSETCATALOG_COMPILER_APPICON_NAME = AppIcon;
				CODE_SIGN_STYLE = Automatic;
				DEVELOPMENT_TEAM = J6366N89PU;
				INFOPLIST_FILE = chuck_norris/Info.plist;
				IPHONEOS_DEPLOYMENT_TARGET = 13.0;
				LD_RUNPATH_SEARCH_PATHS = (
					"$(inherited)",
					"@executable_path/Frameworks",
				);
				PRODUCT_BUNDLE_IDENTIFIER = "anyapister.chuck-norris";
				PRODUCT_NAME = "$(TARGET_NAME)";
				SWIFT_VERSION = 5.0;
				TARGETED_DEVICE_FAMILY = "1,2";
			};
			name = Debug;
		};
		95A5889B23D01EC300EEE059 /* Release */ = {
			isa = XCBuildConfiguration;
			buildSettings = {
				ASSETCATALOG_COMPILER_APPICON_NAME = AppIcon;
				CODE_SIGN_STYLE = Automatic;
				DEVELOPMENT_TEAM = J6366N89PU;
				INFOPLIST_FILE = chuck_norris/Info.plist;
				IPHONEOS_DEPLOYMENT_TARGET = 13.0;
				LD_RUNPATH_SEARCH_PATHS = (
					"$(inherited)",
					"@executable_path/Frameworks",
				);
				PRODUCT_BUNDLE_IDENTIFIER = "anyapister.chuck-norris";
				PRODUCT_NAME = "$(TARGET_NAME)";
				SWIFT_VERSION = 5.0;
				TARGETED_DEVICE_FAMILY = "1,2";
			};
			name = Release;
		};
/* End XCBuildConfiguration section */

/* Begin XCConfigurationList section */
		95A5888023D01EC100EEE059 /* Build configuration list for PBXProject "chuck_norris" */ = {
			isa = XCConfigurationList;
			buildConfigurations = (
				95A5889723D01EC300EEE059 /* Debug */,
				95A5889823D01EC300EEE059 /* Release */,
			);
			defaultConfigurationIsVisible = 0;
			defaultConfigurationName = Release;
		};
		95A5889923D01EC300EEE059 /* Build configuration list for PBXNativeTarget "chuck_norris" */ = {
			isa = XCConfigurationList;
			buildConfigurations = (
				95A5889A23D01EC300EEE059 /* Debug */,
				95A5889B23D01EC300EEE059 /* Release */,
			);
			defaultConfigurationIsVisible = 0;
			defaultConfigurationName = Release;
		};
/* End XCConfigurationList section */
	};
	rootObject = 95A5887D23D01EC100EEE059 /* Project object */;
}
